
Microsoft Visual Studio Solution File, Format Version 12.00
# Visual Studio Version 17
VisualStudioVersion = 17.5.33424.131
MinimumVisualStudioVersion = 10.0.40219.1
Project("{8BC9CEB8-8B4A-11D0-8D11-00A0C91BC942}") = "20230321題目9計算正整數被3整除之數值之總和", "20230321題目9計算正整數被3整除之數值之總和\20230321題目9計算正整數被3整除之數值之總和.vcxproj", "{A8ADCA15-C7F9-4372-88C1-A7FA1700B579}"
EndProject
Global
	GlobalSection(SolutionConfigurationPlatforms) = preSolution
		Debug|x64 = Debug|x64
		Debug|x86 = Debug|x86
		Release|x64 = Release|x64
		Release|x86 = Release|x86
	EndGlobalSection
	GlobalSection(ProjectConfigurationPlatforms) = postSolution
		{A8ADCA15-C7F9-4372-88C1-A7FA1700B579}.Debug|x64.ActiveCfg = Debug|x64
		{A8ADCA15-C7F9-4372-88C1-A7FA1700B579}.Debug|x64.Build.0 = Debug|x64
		{A8ADCA15-C7F9-4372-88C1-A7FA1700B579}.Debug|x86.ActiveCfg = Debug|Win32
		{A8ADCA15-C7F9-4372-88C1-A7FA1700B579}.Debug|x86.Build.0 = Debug|Win32
		{A8ADCA15-C7F9-4372-88C1-A7FA1700B579}.Release|x64.ActiveCfg = Release|x64
		{A8ADCA15-C7F9-4372-88C1-A7FA1700B579}.Release|x64.Build.0 = Release|x64
		{A8ADCA15-C7F9-4372-88C1-A7FA1700B579}.Release|x86.ActiveCfg = Release|Win32
		{A8ADCA15-C7F9-4372-88C1-A7FA1700B579}.Release|x86.Build.0 = Release|Win32
	EndGlobalSection
	GlobalSection(SolutionProperties) = preSolution
		HideSolutionNode = FALSE
	EndGlobalSection
	GlobalSection(ExtensibilityGlobals) = postSolution
		SolutionGuid = {3999A90F-72E1-4103-AD9D-7AF275E2710E}
	EndGlobalSection
EndGlobal
